dependencies:
  espressif/cmake_utilities:
    component_hash: 351350613ceafba240b761b4ea991e0f231ac7a9f59a9ee901f751bddc0bb18f
    dependencies:
    - name: idf
      require: private
      version: '>=4.1'
    source:
      registry_url: https://components.espressif.com
      type: service
    version: 0.5.3
  espressif/esp32-camera:
    component_hash: bc9c8a6b51df777a014fa295825b3de5069bc0300c317acff20c97cf4a10ac7d
    dependencies:
    - name: espressif/esp_jpeg
      registry_url: https://components.espressif.com
      require: public
      version: ^1.3.1
    - name: idf
      require: private
      version: '>=5.1'
    source:
      registry_url: https://components.espressif.com/
      type: service
    version: 2.1.7
  espressif/esp_codec_dev:
    component_hash: 4779f31a3ba3f9b38aee1afe6ccb9ba8f6108dc3a6e77d39d7d714e9a215371b
    dependencies:
    - name: idf
      require: private
      version: '>=4.0'
    source:
      registry_url: https://components.espressif.com/
      type: service
    version: 1.6.2
  espressif/esp_io_expander:
    component_hash: 7b7f91270172e46ca4597e3874f48d8412e280e8c295559f5922ec38656e3e5f
    dependencies:
    - name: idf
      require: private
      version: '>=4.4.2'
    source:
      registry_url: https://components.espressif.com
      type: service
    version: 1.2.1
  espressif/esp_io_expander_tca95xx_16bit:
    component_hash: a9608ba5753ae2a72e79fccd376fc4283343c0306d23505fbf8a46fafdbde2a2
    dependencies:
    - name: espressif/esp_io_expander
      registry_url: https://components.espressif.com
      require: public
      version: ^1.2.0
    - name: idf
      require: private
      version: '>=5.2'
    source:
      registry_url: https://components.espressif.com/
      type: service
    version: 2.0.2
  espressif/esp_jpeg:
    component_hash: defb83669293cbf86d0fa86b475ba5517aceed04ed70db435388c151ab37b5d7
    dependencies:
    - name: idf
      require: private
      version: '>=5.0'
    source:
      registry_url: https://components.espressif.com
      type: service
    version: 1.3.1
  espressif/esp_lcd_axs15231b:
    component_hash: 62afe3c46789d7a13e3807c5d7a3a734870cd6375a28f14b12498c3382ad43b4
    dependencies:
    - name: espressif/cmake_utilities
      registry_url: https://components.espressif.com
      require: private
      version: 0.*
    - name: espressif/esp_lcd_touch
      registry_url: https://components.espressif.com
      require: public
      version: ^1
    - name: idf
      require: private
      version: '>=5.3'
    source:
      registry_url: https://components.espressif.com/
      type: service
    version: 2.1.1
  espressif/esp_lcd_touch:
    component_hash: 3f85a7d95af876f1a6ecca8eb90a81614890d0f03a038390804e5a77e2caf862
    dependencies:
    - name: idf
      require: private
      version: '>=4.4.2'
    source:
      registry_url: https://components.espressif.com
      type: service
    version: 1.2.1
  espressif/led_strip:
    component_hash: 28621486f77229aaf81c71f5e15d6fbf36c2949cf11094e07090593e659e7639
    dependencies:
    - name: idf
      require: private
      version: '>=5.0'
    source:
      registry_url: https://components.espressif.com/
      type: service
    version: 3.0.3
  idf:
    source:
      type: idf
    version: 5.5.5
direct_dependencies:
- espressif/esp32-camera
- espressif/esp_codec_dev
- espressif/esp_io_expander_tca95xx_16bit
- espressif/esp_lcd_axs15231b
- espressif/led_strip
manifest_hash: 3b3e169a51d1947fed39db937764025337b7b9121fffa703b3a6e67a33eb8303
target: esp32s3
version: 2.0.0
